// !$*UTF8*$!
{
	archiveVersion = 1;
	classes = {
	};
	objectVersion = 56;
	objects = {

/* Begin PBXBuildFile section */
		9F14A3352C2B618D00A8C79F /* AppDelegate.swift in Sources */ = {isa = PBXBuildFile; fileRef = 9F14A3342C2B618D00A8C79F /* AppDelegate.swift */; };
		9F14A3392C2B618D00A8C79F /* Base in Resources */ = {isa = PBXBuildFile; fileRef = 9F14A3382C2B618D00A8C79F /* Base */; };
		9F14A33B2C2B618D00A8C79F /* Icon.png in Resources */ = {isa = PBXBuildFile; fileRef = 9F14A33A2C2B618D00A8C79F /* Icon.png */; };
		9F14A33D2C2B618D00A8C79F /* Style.css in Resources */ = {isa = PBXBuildFile; fileRef = 9F14A33C2C2B618D00A8C79F /* Style.css */; };
		9F14A33F2C2B618D00A8C79F /* Script.js in Resources */ = {isa = PBXBuildFile; fileRef = 9F14A33E2C2B618D00A8C79F /* Script.js */; };
		9F14A3412C2B618D00A8C79F /* ViewController.swift in Sources */ = {isa = PBXBuildFile; fileRef = 9F14A3402C2B618D00A8C79F /* ViewController.swift */; };
		9F14A3442C2B618D00A8C79F /* Base in Resources */ = {isa = PBXBuildFile; fileRef = 9F14A3432C2B618D00A8C79F /* Base */; };
		9F14A3462C2B618E00A8C79F /* Assets.xcassets in Resources */ = {isa = PBXBuildFile; fileRef = 9F14A3452C2B618E00A8C79F /* Assets.xcassets */; };
		9F14A34E2C2B618E00A8C79F /* HSO2FAFiller Extension.appex in Embed Foundation Extensions */ = {isa = PBXBuildFile; fileRef = 9F14A34D2C2B618E00A8C79F /* HSO2FAFiller Extension.appex */; settings = {ATTRIBUTES = (RemoveHeadersOnCopy, ); }; };
		9F14A3532C2B618E00A8C79F /* SafariWebExtensionHandler.swift in Sources */ = {isa = PBXBuildFile; fileRef = 9F14A3522C2B618E00A8C79F /* SafariWebExtensionHandler.swift */; };
		9F14A3562C2B618E00A8C79F /* _locales in Resources */ = {isa = PBXBuildFile; fileRef = 9F14A3552C2B618E00A8C79F /* _locales */; };
		9F14A3582C2B618E00A8C79F /* images in Resources */ = {isa = PBXBuildFile; fileRef = 9F14A3572C2B618E00A8C79F /* images */; };
		9F14A35A2C2B618E00A8C79F /* manifest.json in Resources */ = {isa = PBXBuildFile; fileRef = 9F14A3592C2B618E00A8C79F /* manifest.json */; };
		9F14A35C2C2B618E00A8C79F /* background.js in Resources */ = {isa = PBXBuildFile; fileRef = 9F14A35B2C2B618E00A8C79F /* background.js */; };
		9F14A35E2C2B618E00A8C79F /* content.js in Resources */ = {isa = PBXBuildFile; fileRef = 9F14A35D2C2B618E00A8C79F /* content.js */; };
		9F14A3602C2B618E00A8C79F /* popup.html in Resources */ = {isa = PBXBuildFile; fileRef = 9F14A35F2C2B618E00A8C79F /* popup.html */; };
		9F14A3622C2B618E00A8C79F /* popup.css in Resources */ = {isa = PBXBuildFile; fileRef = 9F14A3612C2B618E00A8C79F /* popup.css */; };
		9F14A3642C2B618E00A8C79F /* popup.js in Resources */ = {isa = PBXBuildFile; fileRef = 9F14A3632C2B618E00A8C79F /* popup.js */; };
/* End PBXBuildFile section */

/* Begin PBXContainerItemProxy section */
		9F14A34F2C2B618E00A8C79F /* PBXContainerItemProxy */ = {
			isa = PBXContainerItemProxy;
			containerPortal = 9F14A3292C2B618D00A8C79F /* Project object */;
			proxyType = 1;
			remoteGlobalIDString = 9F14A34C2C2B618E00A8C79F;
			remoteInfo = "HSO2FAFiller Extension";
		};
/* End PBXContainerItemProxy section */

/* Begin PBXCopyFilesBuildPhase section */
		9F14A36C2C2B618E00A8C79F /* Embed Foundation Extensions */ = {
			isa = PBXCopyFilesBuildPhase;
			buildActionMask = 2147483647;
			dstPath = "";
			dstSubfolderSpec = 13;
			files = (
				9F14A34E2C2B618E00A8C79F /* HSO2FAFiller Extension.appex in Embed Foundation Extensions */,
			);
			name = "Embed Foundation Extensions";
			runOnlyForDeploymentPostprocessing = 0;
		};
/* End PBXCopyFilesBuildPhase section */

/* Begin PBXFileReference section */
		9F14A3312C2B618D00A8C79F /* HSO2FAFiller.app */ = {isa = PBXFileReference; explicitFileType = wrapper.application; includeInIndex = 0; path = HSO2FAFiller.app; sourceTree = BUILT_PRODUCTS_DIR; };
		9F14A3342C2B618D00A8C79F /* AppDelegate.swift */ = {isa = PBXFileReference; lastKnownFileType = sourcecode.swift; path = AppDelegate.swift; sourceTree = "<group>"; };
		9F14A3382C2B618D00A8C79F /* Base */ = {isa = PBXFileReference; lastKnownFileType = text.html; name = Base; path = ../Base.lproj/Main.html; sourceTree = "<group>"; };
		9F14A33A2C2B618D00A8C79F /* Icon.png */ = {isa = PBXFileReference; lastKnownFileType = image.png; path = Icon.png; sourceTree = "<group>"; };
		9F14A33C2C2B618D00A8C79F /* Style.css */ = {isa = PBXFileReference; lastKnownFileType = text.css; path = Style.css; sourceTree = "<group>"; };
		9F14A33E2C2B618D00A8C79F /* Script.js */ = {isa = PBXFileReference; lastKnownFileType = sourcecode.javascript; path = Script.js; sourceTree = "<group>"; };
		9F14A3402C2B618D00A8C79F /* ViewController.swift */ = {isa = PBXFileReference; lastKnownFileType = sourcecode.swift; path = ViewController.swift; sourceTree = "<group>"; };
		9F14A3432C2B618D00A8C79F /* Base */ = {isa = PBXFileReference; lastKnownFileType = file.storyboard; name = Base; path = Base.lproj/Main.storyboard; sourceTree = "<group>"; };
		9F14A3452C2B618E00A8C79F /* Assets.xcassets */ = {isa = PBXFileReference; lastKnownFileType = folder.assetcatalog; path = Assets.xcassets; sourceTree = "<group>"; };
		9F14A3472C2B618E00A8C79F /* HSO2FAFiller.entitlements */ = {isa = PBXFileReference; lastKnownFileType = text.plist.entitlements; path = HSO2FAFiller.entitlements; sourceTree = "<group>"; };
		9F14A3482C2B618E00A8C79F /* HSO2FAFiller.entitlements */ = {isa = PBXFileReference; lastKnownFileType = text.plist.entitlements; path = HSO2FAFiller.entitlements; sourceTree = "<group>"; };
		9F14A34D2C2B618E00A8C79F /* HSO2FAFiller Extension.appex */ = {isa = PBXFileReference; explicitFileType = "wrapper.app-extension"; includeInIndex = 0; path = "HSO2FAFiller Extension.appex"; sourceTree = BUILT_PRODUCTS_DIR; };
		9F14A3522C2B618E00A8C79F /* SafariWebExtensionHandler.swift */ = {isa = PBXFileReference; lastKnownFileType = sourcecode.swift; path = SafariWebExtensionHandler.swift; sourceTree = "<group>"; };
		9F14A3552C2B618E00A8C79F /* _locales */ = {isa = PBXFileReference; lastKnownFileType = folder; path = _locales; sourceTree = "<group>"; };
		9F14A3572C2B618E00A8C79F /* images */ = {isa = PBXFileReference; lastKnownFileType = folder; path = images; sourceTree = "<group>"; };
		9F14A3592C2B618E00A8C79F /* manifest.json */ = {isa = PBXFileReference; lastKnownFileType = text.json; path = manifest.json; sourceTree = "<group>"; };
		9F14A35B2C2B618E00A8C79F /* background.js */ = {isa = PBXFileReference; lastKnownFileType = sourcecode.javascript; path = background.js; sourceTree = "<group>"; };
		9F14A35D2C2B618E00A8C79F /* content.js */ = {isa = PBXFileReference; lastKnownFileType = sourcecode.javascript; path = content.js; sourceTree = "<group>"; };
		9F14A35F2C2B618E00A8C79F /* popup.html */ = {isa = PBXFileReference; lastKnownFileType = text.html; path = popup.html; sourceTree = "<group>"; };
		9F14A3612C2B618E00A8C79F /* popup.css */ = {isa = PBXFileReference; lastKnownFileType = text.css; path = popup.css; sourceTree = "<group>"; };
		9F14A3632C2B618E00A8C79F /* popup.js */ = {isa = PBXFileReference; lastKnownFileType = sourcecode.javascript; path = popup.js; sourceTree = "<group>"; };
		9F14A3652C2B618E00A8C79F /* Info.plist */ = {isa = PBXFileReference; lastKnownFileType = text.plist.xml; path = Info.plist; sourceTree = "<group>"; };
		9F14A3662C2B618E00A8C79F /* HSO2FAFiller_Extension.entitlements */ = {isa = PBXFileReference; lastKnownFileType = text.plist.entitlements; path = HSO2FAFiller_Extension.entitlements; sourceTree = "<group>"; };
/* End PBXFileReference section */

/* Begin PBXFrameworksBuildPhase section */
		9F14A32E2C2B618D00A8C79F /* Frameworks */ = {
			isa = PBXFrameworksBuildPhase;
			buildActionMask = 2147483647;
			files = (
			);
			runOnlyForDeploymentPostprocessing = 0;
		};
		9F14A34A2C2B618E00A8C79F /* Frameworks */ = {
			isa = PBXFrameworksBuildPhase;
			buildActionMask = 2147483647;
			files = (
			);
			runOnlyForDeploymentPostprocessing = 0;
		};
/* End PBXFrameworksBuildPhase section */

/* Begin PBXGroup section */
		9F14A3282C2B618D00A8C79F = {
			isa = PBXGroup;
			children = (
				9F14A3332C2B618D00A8C79F /* HSO2FAFiller */,
				9F14A3512C2B618E00A8C79F /* HSO2FAFiller Extension */,
				9F14A3322C2B618D00A8C79F /* Products */,
			);
			sourceTree = "<group>";
		};
		9F14A3322C2B618D00A8C79F /* Products */ = {
			isa = PBXGroup;
			children = (
				9F14A3312C2B618D00A8C79F /* HSO2FAFiller.app */,
				9F14A34D2C2B618E00A8C79F /* HSO2FAFiller Extension.appex */,
			);
			name = Products;
			sourceTree = "<group>";
		};
		9F14A3332C2B618D00A8C79F /* HSO2FAFiller */ = {
			isa = PBXGroup;
			children = (
				9F14A3342C2B618D00A8C79F /* AppDelegate.swift */,
				9F14A3402C2B618D00A8C79F /* ViewController.swift */,
				9F14A3422C2B618D00A8C79F /* Main.storyboard */,
				9F14A3452C2B618E00A8C79F /* Assets.xcassets */,
				9F14A3472C2B618E00A8C79F /* HSO2FAFiller.entitlements */,
				9F14A3482C2B618E00A8C79F /* HSO2FAFiller.entitlements */,
				9F14A3362C2B618D00A8C79F /* Resources */,
			);
			path = HSO2FAFiller;
			sourceTree = "<group>";
		};
		9F14A3362C2B618D00A8C79F /* Resources */ = {
			isa = PBXGroup;
			children = (
				9F14A3372C2B618D00A8C79F /* Main.html */,
				9F14A33A2C2B618D00A8C79F /* Icon.png */,
				9F14A33C2C2B618D00A8C79F /* Style.css */,
				9F14A33E2C2B618D00A8C79F /* Script.js */,
			);
			path = Resources;
			sourceTree = "<group>";
		};
		9F14A3512C2B618E00A8C79F /* HSO2FAFiller Extension */ = {
			isa = PBXGroup;
			children = (
				9F14A3522C2B618E00A8C79F /* SafariWebExtensionHandler.swift */,
				9F14A3652C2B618E00A8C79F /* Info.plist */,
				9F14A3662C2B618E00A8C79F /* HSO2FAFiller_Extension.entitlements */,
				9F14A3542C2B618E00A8C79F /* Resources */,
			);
			path = "HSO2FAFiller Extension";
			sourceTree = "<group>";
		};
		9F14A3542C2B618E00A8C79F /* Resources */ = {
			isa = PBXGroup;
			children = (
				9F14A3552C2B618E00A8C79F /* _locales */,
				9F14A3572C2B618E00A8C79F /* images */,
				9F14A3592C2B618E00A8C79F /* manifest.json */,
				9F14A35B2C2B618E00A8C79F /* background.js */,
				9F14A35D2C2B618E00A8C79F /* content.js */,
				9F14A35F2C2B618E00A8C79F /* popup.html */,
				9F14A3612C2B618E00A8C79F /* popup.css */,
				9F14A3632C2B618E00A8C79F /* popup.js */,
			);
			path = Resources;
			sourceTree = "<group>";
		};
/* End PBXGroup section */

/* Begin PBXNativeTarget section */
		9F14A3302C2B618D00A8C79F /* HSO2FAFiller */ = {
			isa = PBXNativeTarget;
			buildConfigurationList = 9F14A36D2C2B618E00A8C79F /* Build configuration list for PBXNativeTarget "HSO2FAFiller" */;
			buildPhases = (
				9F14A32D2C2B618D00A8C79F /* Sources */,
				9F14A32E2C2B618D00A8C79F /* Frameworks */,
				9F14A32F2C2B618D00A8C79F /* Resources */,
				9F14A36C2C2B618E00A8C79F /* Embed Foundation Extensions */,
			);
			buildRules = (
			);
			dependencies = (
				9F14A3502C2B618E00A8C79F /* PBXTargetDependency */,
			);
			name = HSO2FAFiller;
			productName = HSO2FAFiller;
			productReference = 9F14A3312C2B618D00A8C79F /* HSO2FAFiller.app */;
			productType = "com.apple.product-type.application";
		};
		9F14A34C2C2B618E00A8C79F /* HSO2FAFiller Extension */ = {
			isa = PBXNativeTarget;
			buildConfigurationList = 9F14A3692C2B618E00A8C79F /* Build configuration list for PBXNativeTarget "HSO2FAFiller Extension" */;
			buildPhases = (
				9F14A3492C2B618E00A8C79F /* Sources */,
				9F14A34A2C2B618E00A8C79F /* Frameworks */,
				9F14A34B2C2B618E00A8C79F /* Resources */,
			);
			buildRules = (
			);
			dependencies = (
			);
			name = "HSO2FAFiller Extension";
			productName = "HSO2FAFiller Extension";
			productReference = 9F14A34D2C2B618E00A8C79F /* HSO2FAFiller Extension.appex */;
			productType = "com.apple.product-type.app-extension";
		};
/* End PBXNativeTarget section */

/* Begin PBXProject section */
		9F14A3292C2B618D00A8C79F /* Project object */ = {
			isa = PBXProject;
			attributes = {
				BuildIndependentTargetsInParallel = 1;
				LastSwiftUpdateCheck = 1540;
				LastUpgradeCheck = 1540;
				TargetAttributes = {
					9F14A3302C2B618D00A8C79F = {
						CreatedOnToolsVersion = 15.4;
					};
					9F14A34C2C2B618E00A8C79F = {
						CreatedOnToolsVersion = 15.4;
					};
				};
			};
			buildConfigurationList = 9F14A32C2C2B618D00A8C79F /* Build configuration list for PBXProject "HSO2FAFiller" */;
			compatibilityVersion = "Xcode 14.0";
			developmentRegion = en;
			hasScannedForEncodings = 0;
			knownRegions = (
				en,
				Base,
			);
			mainGroup = 9F14A3282C2B618D00A8C79F;
			productRefGroup = 9F14A3322C2B618D00A8C79F /* Products */;
			projectDirPath = "";
			projectRoot = "";
			targets = (
				9F14A3302C2B618D00A8C79F /* HSO2FAFiller */,
				9F14A34C2C2B618E00A8C79F /* HSO2FAFiller Extension */,
			);
		};
/* End PBXProject section */

/* Begin PBXResourcesBuildPhase section */
		9F14A32F2C2B618D00A8C79F /* Resources */ = {
			isa = PBXResourcesBuildPhase;
			buildActionMask = 2147483647;
			files = (
				9F14A33B2C2B618D00A8C79F /* Icon.png in Resources */,
				9F14A33F2C2B618D00A8C79F /* Script.js in Resources */,
				9F14A3392C2B618D00A8C79F /* Base in Resources */,
				9F14A33D2C2B618D00A8C79F /* Style.css in Resources */,
				9F14A3462C2B618E00A8C79F /* Assets.xcassets in Resources */,
				9F14A3442C2B618D00A8C79F /* Base in Resources */,
			);
			runOnlyForDeploymentPostprocessing = 0;
		};
		9F14A34B2C2B618E00A8C79F /* Resources */ = {
			isa = PBXResourcesBuildPhase;
			buildActionMask = 2147483647;
			files = (
				9F14A35C2C2B618E00A8C79F /* background.js in Resources */,
				9F14A3622C2B618E00A8C79F /* popup.css in Resources */,
				9F14A3602C2B618E00A8C79F /* popup.html in Resources */,
				9F14A3582C2B618E00A8C79F /* images in Resources */,
				9F14A35A2C2B618E00A8C79F /* manifest.json in Resources */,
				9F14A3562C2B618E00A8C79F /* _locales in Resources */,
				9F14A35E2C2B618E00A8C79F /* content.js in Resources */,
				9F14A3642C2B618E00A8C79F /* popup.js in Resources */,
			);
			runOnlyForDeploymentPostprocessing = 0;
		};
/* End PBXResourcesBuildPhase section */

/* Begin PBXSourcesBuildPhase section */
		9F14A32D2C2B618D00A8C79F /* Sources */ = {
			isa = PBXSourcesBuildPhase;
			buildActionMask = 2147483647;
			files = (
				9F14A3412C2B618D00A8C79F /* ViewController.swift in Sources */,
				9F14A3352C2B618D00A8C79F /* AppDelegate.swift in Sources */,
			);
			runOnlyForDeploymentPostprocessing = 0;
		};
		9F14A3492C2B618E00A8C79F /* Sources */ = {
			isa = PBXSourcesBuildPhase;
			buildActionMask = 2147483647;
			files = (
				9F14A3532C2B618E00A8C79F /* SafariWebExtensionHandler.swift in Sources */,
			);
			runOnlyForDeploymentPostprocessing = 0;
		};
/* End PBXSourcesBuildPhase section */

/* Begin PBXTargetDependency section */
		9F14A3502C2B618E00A8C79F /* PBXTargetDependency */ = {
			isa = PBXTargetDependency;
			target = 9F14A34C2C2B618E00A8C79F /* HSO2FAFiller Extension */;
			targetProxy = 9F14A34F2C2B618E00A8C79F /* PBXContainerItemProxy */;
		};
/* End PBXTargetDependency section */

/* Begin PBXVariantGroup section */
		9F14A3372C2B618D00A8C79F /* Main.html */ = {
			isa = PBXVariantGroup;
			children = (
				9F14A3382C2B618D00A8C79F /* Base */,
			);
			name = Main.html;
			sourceTree = "<group>";
		};
		9F14A3422C2B618D00A8C79F /* Main.storyboard */ = {
			isa = PBXVariantGroup;
			children = (
				9F14A3432C2B618D00A8C79F /* Base */,
			);
			name = Main.storyboard;
			sourceTree = "<group>";
		};
/* End PBXVariantGroup section */

/* Begin XCBuildConfiguration section */
		9F14A3672C2B618E00A8C79F /* Debug */ = {
			isa = XCBuildConfiguration;
			buildSettings = {
				ALWAYS_SEARCH_USER_PATHS = NO;
				ASSETCATALOG_COMPILER_GENERATE_SWIFT_ASSET_SYMBOL_EXTENSIONS = YES;
				CLANG_ANALYZER_NONNULL = YES;
				CLANG_ANALYZER_NUMBER_OBJECT_CONVERSION = YES_AGGRESSIVE;
				CLANG_CXX_LANGUAGE_STANDARD = "gnu++20";
				CLANG_ENABLE_MODULES = YES;
				CLANG_ENABLE_OBJC_ARC = YES;
				CLANG_ENABLE_OBJC_WEAK = YES;
				CLANG_WARN_BLOCK_CAPTURE_AUTORELEASING = YES;
				CLANG_WARN_BOOL_CONVERSION = YES;
				CLANG_WARN_COMMA = YES;
				CLANG_WARN_CONSTANT_CONVERSION = YES;
				CLANG_WARN_DEPRECATED_OBJC_IMPLEMENTATIONS = YES;
				CLANG_WARN_DIRECT_OBJC_ISA_USAGE = YES_ERROR;
				CLANG_WARN_DOCUMENTATION_COMMENTS = YES;
				CLANG_WARN_EMPTY_BODY = YES;
				CLANG_WARN_ENUM_CONVERSION = YES;
				CLANG_WARN_INFINITE_RECURSION = YES;
				CLANG_WARN_INT_CONVERSION = YES;
				CLANG_WARN_NON_LITERAL_NULL_CONVERSION = YES;
				CLANG_WARN_OBJC_IMPLICIT_RETAIN_SELF = YES;
				CLANG_WARN_OBJC_LITERAL_CONVERSION = YES;
				CLANG_WARN_OBJC_ROOT_CLASS = YES_ERROR;
				CLANG_WARN_QUOTED_INCLUDE_IN_FRAMEWORK_HEADER = YES;
				CLANG_WARN_RANGE_LOOP_ANALYSIS = YES;
				CLANG_WARN_STRICT_PROTOTYPES = YES;
				CLANG_WARN_SUSPICIOUS_MOVE = YES;
				CLANG_WARN_UNGUARDED_AVAILABILITY = YES_AGGRESSIVE;
				CLANG_WARN_UNREACHABLE_CODE = YES;
				CLANG_WARN__DUPLICATE_METHOD_MATCH = YES;
				COPY_PHASE_STRIP = NO;
				DEBUG_INFORMATION_FORMAT = dwarf;
				ENABLE_STRICT_OBJC_MSGSEND = YES;
				ENABLE_TESTABILITY = YES;
				ENABLE_USER_SCRIPT_SANDBOXING = YES;
				GCC_C_LANGUAGE_STANDARD = gnu17;
				GCC_DYNAMIC_NO_PIC = NO;
				GCC_NO_COMMON_BLOCKS = YES;
				GCC_OPTIMIZATION_LEVEL = 0;
				GCC_PREPROCESSOR_DEFINITIONS = (
					"DEBUG=1",
					"$(inherited)",
				);
				GCC_WARN_64_TO_32_BIT_CONVERSION = YES;
				GCC_WARN_ABOUT_RETURN_TYPE = YES_ERROR;
				GCC_WARN_UNDECLARED_SELECTOR = YES;
				GCC_WARN_UNINITIALIZED_AUTOS = YES_AGGRESSIVE;
				GCC_WARN_UNUSED_FUNCTION = YES;
				GCC_WARN_UNUSED_VARIABLE = YES;
				LOCALIZATION_PREFERS_STRING_CATALOGS = YES;
				MACOSX_DEPLOYMENT_TARGET = 14.5;
				MTL_ENABLE_DEBUG_INFO = INCLUDE_SOURCE;
				MTL_FAST_MATH = YES;
				ONLY_ACTIVE_ARCH = YES;
				SDKROOT = macosx;
				SWIFT_ACTIVE_COMPILATION_CONDITIONS = "DEBUG $(inherited)";
				SWIFT_OPTIMIZATION_LEVEL = "-Onone";
			};
			name = Debug;
		};
		9F14A3682C2B618E00A8C79F /* Release */ = {
			isa = XCBuildConfiguration;
			buildSettings = {
				ALWAYS_SEARCH_USER_PATHS = NO;
				ASSETCATALOG_COMPILER_GENERATE_SWIFT_ASSET_SYMBOL_EXTENSIONS = YES;
				CLANG_ANALYZER_NONNULL = YES;
				CLANG_ANALYZER_NUMBER_OBJECT_CONVERSION = YES_AGGRESSIVE;
				CLANG_CXX_LANGUAGE_STANDARD = "gnu++20";
				CLANG_ENABLE_MODULES = YES;
				CLANG_ENABLE_OBJC_ARC = YES;
				CLANG_ENABLE_OBJC_WEAK = YES;
				CLANG_WARN_BLOCK_CAPTURE_AUTORELEASING = YES;
				CLANG_WARN_BOOL_CONVERSION = YES;
				CLANG_WARN_COMMA = YES;
				CLANG_WARN_CONSTANT_CONVERSION = YES;
				CLANG_WARN_DEPRECATED_OBJC_IMPLEMENTATIONS = YES;
				CLANG_WARN_DIRECT_OBJC_ISA_USAGE = YES_ERROR;
				CLANG_WARN_DOCUMENTATION_COMMENTS = YES;
				CLANG_WARN_EMPTY_BODY = YES;
				CLANG_WARN_ENUM_CONVERSION = YES;
				CLANG_WARN_INFINITE_RECURSION = YES;
				CLANG_WARN_INT_CONVERSION = YES;
				CLANG_WARN_NON_LITERAL_NULL_CONVERSION = YES;
				CLANG_WARN_OBJC_IMPLICIT_RETAIN_SELF = YES;
				CLANG_WARN_OBJC_LITERAL_CONVERSION = YES;
				CLANG_WARN_OBJC_ROOT_CLASS = YES_ERROR;
				CLANG_WARN_QUOTED_INCLUDE_IN_FRAMEWORK_HEADER = YES;
				CLANG_WARN_RANGE_LOOP_ANALYSIS = YES;
				CLANG_WARN_STRICT_PROTOTYPES = YES;
				CLANG_WARN_SUSPICIOUS_MOVE = YES;
				CLANG_WARN_UNGUARDED_AVAILABILITY = YES_AGGRESSIVE;
				CLANG_WARN_UNREACHABLE_CODE = YES;
				CLANG_WARN__DUPLICATE_METHOD_MATCH = YES;
				COPY_PHASE_STRIP = NO;
				DEBUG_INFORMATION_FORMAT = "dwarf-with-dsym";
				ENABLE_NS_ASSERTIONS = NO;
				ENABLE_STRICT_OBJC_MSGSEND = YES;
				ENABLE_USER_SCRIPT_SANDBOXING = YES;
				GCC_C_LANGUAGE_STANDARD = gnu17;
				GCC_NO_COMMON_BLOCKS = YES;
				GCC_WARN_64_TO_32_BIT_CONVERSION = YES;
				GCC_WARN_ABOUT_RETURN_TYPE = YES_ERROR;
				GCC_WARN_UNDECLARED_SELECTOR = YES;
				GCC_WARN_UNINITIALIZED_AUTOS = YES_AGGRESSIVE;
				GCC_WARN_UNUSED_FUNCTION = YES;
				GCC_WARN_UNUSED_VARIABLE = YES;
				LOCALIZATION_PREFERS_STRING_CATALOGS = YES;
				MACOSX_DEPLOYMENT_TARGET = 14.5;
				MTL_ENABLE_DEBUG_INFO = NO;
				MTL_FAST_MATH = YES;
				SDKROOT = macosx;
				SWIFT_COMPILATION_MODE = wholemodule;
			};
			name = Release;
		};
		9F14A36A2C2B618E00A8C79F /* Debug */ = {
			isa = XCBuildConfiguration;
			buildSettings = {
				CODE_SIGN_ENTITLEMENTS = "HSO2FAFiller Extension/HSO2FAFiller_Extension.entitlements";
				CODE_SIGN_STYLE = Automatic;
				CURRENT_PROJECT_VERSION = 1;
				DEVELOPMENT_TEAM = 8K3HXH5R8W;
				ENABLE_HARDENED_RUNTIME = YES;
				GENERATE_INFOPLIST_FILE = YES;
				INFOPLIST_FILE = "HSO2FAFiller Extension/Info.plist";
				INFOPLIST_KEY_CFBundleDisplayName = "HSO2FAFiller Extension";
				INFOPLIST_KEY_NSHumanReadableCopyright = "";
				LD_RUNPATH_SEARCH_PATHS = (
					"$(inherited)",
					"@executable_path/../Frameworks",
					"@executable_path/../../../../Frameworks",
				);
				MACOSX_DEPLOYMENT_TARGET = 10.14;
				MARKETING_VERSION = 1.0;
				OTHER_LDFLAGS = (
					"-framework",
					SafariServices,
				);
				PRODUCT_BUNDLE_IDENTIFIER = Vogtjanm.HSO2FAFiller.Extension;
				PRODUCT_NAME = "$(TARGET_NAME)";
				SKIP_INSTALL = YES;
				SWIFT_EMIT_LOC_STRINGS = YES;
				SWIFT_VERSION = 5.0;
			};
			name = Debug;
		};
		9F14A36B2C2B618E00A8C79F /* Release */ = {
			isa = XCBuildConfiguration;
			buildSettings = {
				CODE_SIGN_ENTITLEMENTS = "HSO2FAFiller Extension/HSO2FAFiller_Extension.entitlements";
				CODE_SIGN_STYLE = Automatic;
				CURRENT_PROJECT_VERSION = 1;
				DEVELOPMENT_TEAM = 8K3HXH5R8W;
				ENABLE_HARDENED_RUNTIME = YES;
				GENERATE_INFOPLIST_FILE = YES;
				INFOPLIST_FILE = "HSO2FAFiller Extension/Info.plist";
				INFOPLIST_KEY_CFBundleDisplayName = "HSO2FAFiller Extension";
				INFOPLIST_KEY_NSHumanReadableCopyright = "";
				LD_RUNPATH_SEARCH_PATHS = (
					"$(inherited)",
					"@executable_path/../Frameworks",
					"@executable_path/../../../../Frameworks",
				);
				MACOSX_DEPLOYMENT_TARGET = 10.14;
				MARKETING_VERSION = 1.0;
				OTHER_LDFLAGS = (
					"-framework",
					SafariServices,
				);
				PRODUCT_BUNDLE_IDENTIFIER = Vogtjanm.HSO2FAFiller.Extension;
				PRODUCT_NAME = "$(TARGET_NAME)";
				SKIP_INSTALL = YES;
				SWIFT_EMIT_LOC_STRINGS = YES;
				SWIFT_VERSION = 5.0;
			};
			name = Release;
		};
		9F14A36E2C2B618E00A8C79F /* Debug */ = {
			isa = XCBuildConfiguration;
			buildSettings = {
				ALWAYS_EMBED_SWIFT_STANDARD_LIBRARIES = YES;
				ASSETCATALOG_COMPILER_APPICON_NAME = AppIcon;
				ASSETCATALOG_COMPILER_GLOBAL_ACCENT_COLOR_NAME = AccentColor;
				CODE_SIGN_ENTITLEMENTS = HSO2FAFiller/HSO2FAFiller.entitlements;
				CODE_SIGN_STYLE = Automatic;
				COMBINE_HIDPI_IMAGES = YES;
				CURRENT_PROJECT_VERSION = 1;
				DEVELOPMENT_TEAM = 8K3HXH5R8W;
				ENABLE_HARDENED_RUNTIME = YES;
				GENERATE_INFOPLIST_FILE = YES;
				INFOPLIST_KEY_CFBundleDisplayName = HSO2FAFiller;
				INFOPLIST_KEY_NSHumanReadableCopyright = "";
				INFOPLIST_KEY_NSMainStoryboardFile = Main;
				INFOPLIST_KEY_NSPrincipalClass = NSApplication;
				LD_RUNPATH_SEARCH_PATHS = (
					"$(inherited)",
					"@executable_path/../Frameworks",
				);
				MACOSX_DEPLOYMENT_TARGET = 10.14;
				MARKETING_VERSION = 1.0;
				OTHER_LDFLAGS = (
					"-framework",
					SafariServices,
					"-framework",
					WebKit,
				);
				PRODUCT_BUNDLE_IDENTIFIER = Vogtjanm.HSO2FAFiller;
				PRODUCT_NAME = "$(TARGET_NAME)";
				SWIFT_EMIT_LOC_STRINGS = YES;
				SWIFT_VERSION = 5.0;
			};
			name = Debug;
		};
		9F14A36F2C2B618E00A8C79F /* Release */ = {
			isa = XCBuildConfiguration;
			buildSettings = {
				ALWAYS_EMBED_SWIFT_STANDARD_LIBRARIES = YES;
				ASSETCATALOG_COMPILER_APPICON_NAME = AppIcon;
				ASSETCATALOG_COMPILER_GLOBAL_ACCENT_COLOR_NAME = AccentColor;
				CODE_SIGN_ENTITLEMENTS = HSO2FAFiller/HSO2FAFiller.entitlements;
				CODE_SIGN_STYLE = Automatic;
				COMBINE_HIDPI_IMAGES = YES;
				CURRENT_PROJECT_VERSION = 1;
				DEVELOPMENT_TEAM = 8K3HXH5R8W;
				ENABLE_HARDENED_RUNTIME = YES;
				GENERATE_INFOPLIST_FILE = YES;
				INFOPLIST_KEY_CFBundleDisplayName = HSO2FAFiller;
				INFOPLIST_KEY_NSHumanReadableCopyright = "";
				INFOPLIST_KEY_NSMainStoryboardFile = Main;
				INFOPLIST_KEY_NSPrincipalClass = NSApplication;
				LD_RUNPATH_SEARCH_PATHS = (
					"$(inherited)",
					"@executable_path/../Frameworks",
				);
				MACOSX_DEPLOYMENT_TARGET = 10.14;
				MARKETING_VERSION = 1.0;
				OTHER_LDFLAGS = (
					"-framework",
					SafariServices,
					"-framework",
					WebKit,
				);
				PRODUCT_BUNDLE_IDENTIFIER = Vogtjanm.HSO2FAFiller;
				PRODUCT_NAME = "$(TARGET_NAME)";
				SWIFT_EMIT_LOC_STRINGS = YES;
				SWIFT_VERSION = 5.0;
			};
			name = Release;
		};
/* End XCBuildConfiguration section */

/* Begin XCConfigurationList section */
		9F14A32C2C2B618D00A8C79F /* Build configuration list for PBXProject "HSO2FAFiller" */ = {
			isa = XCConfigurationList;
			buildConfigurations = (
				9F14A3672C2B618E00A8C79F /* Debug */,
				9F14A3682C2B618E00A8C79F /* Release */,
			);
			defaultConfigurationIsVisible = 0;
			defaultConfigurationName = Release;
		};
		9F14A3692C2B618E00A8C79F /* Build configuration list for PBXNativeTarget "HSO2FAFiller Extension" */ = {
			isa = XCConfigurationList;
			buildConfigurations = (
				9F14A36A2C2B618E00A8C79F /* Debug */,
				9F14A36B2C2B618E00A8C79F /* Release */,
			);
			defaultConfigurationIsVisible = 0;
			defaultConfigurationName = Release;
		};
		9F14A36D2C2B618E00A8C79F /* Build configuration list for PBXNativeTarget "HSO2FAFiller" */ = {
			isa = XCConfigurationList;
			buildConfigurations = (
				9F14A36E2C2B618E00A8C79F /* Debug */,
				9F14A36F2C2B618E00A8C79F /* Release */,
			);
			defaultConfigurationIsVisible = 0;
			defaultConfigurationName = Release;
		};
/* End XCConfigurationList section */
	};
	rootObject = 9F14A3292C2B618D00A8C79F /* Project object */;
}
